
Microsoft Visual Studio Solution File, Format Version 12.00
# Visual Studio Version 16
VisualStudioVersion = 16.0.29509.3
MinimumVisualStudioVersion = 10.0.40219.1
Project("{FAE04EC0-301F-11D3-BF4B-00C04F79EFBC}") = "ScreenVdeoV2", "ScreenVdeoV2\ScreenVdeoV2.csproj", "{F852B455-39EF-4590-B3F6-7D4F4A793F8B}"
EndProject
Global
	GlobalSection(SolutionConfigurationPlatforms) = preSolution
		Debug|Any CPU = Debug|Any CPU
		Release|Any CPU = Release|Any CPU
	EndGlobalSection
	GlobalSection(ProjectConfigurationPlatforms) = postSolution
		{F852B455-39EF-4590-B3F6-7D4F4A793F8B}.Debug|Any CPU.ActiveCfg = Debug|Any CPU
		{F852B455-39EF-4590-B3F6-7D4F4A793F8B}.Debug|Any CPU.Build.0 = Debug|Any CPU
		{F852B455-39EF-4590-B3F6-7D4F4A793F8B}.Release|Any CPU.ActiveCfg = Release|Any CPU
		{F852B455-39EF-4590-B3F6-7D4F4A793F8B}.Release|Any CPU.Build.0 = Release|Any CPU
	EndGlobalSection
	GlobalSection(SolutionProperties) = preSolution
		HideSolutionNode = FALSE
	EndGlobalSection
	GlobalSection(ExtensibilityGlobals) = postSolution
		SolutionGuid = {AD78C890-3BE3-47C1-B8DD-F97DB560AFBA}
	EndGlobalSection
EndGlobal
